
Microsoft Visual Studio Solution File, Format Version 12.00
# Visual Studio Version 16
VisualStudioVersion = 16.0.31515.178
MinimumVisualStudioVersion = 10.0.40219.1
Project("{FAE04EC0-301F-11D3-BF4B-00C04F79EFBC}") = "CleanArchMvc.Domain", "src\CleanArchMvc.Domain\CleanArchMvc.Domain.csproj", "{DE98F5AE-EDCD-43F9-822F-A9BB9938624B}"
EndProject
Project("{FAE04EC0-301F-11D3-BF4B-00C04F79EFBC}") = "CleanArchMvc.Application", "src\CleanArchMvc.Application\CleanArchMvc.Application.csproj", "{009F3D86-5BD8-43DF-89E3-60B4B47B2EED}"
EndProject
Project("{FAE04EC0-301F-11D3-BF4B-00C04F79EFBC}") = "CleanArchMvc.Infra.Data", "src\CleanArchMvc.Infra.Data\CleanArchMvc.Infra.Data.csproj", "{B6518DBB-3B33-4E8E-BA8D-D6BA855F4F9C}"
EndProject
Project("{FAE04EC0-301F-11D3-BF4B-00C04F79EFBC}") = "CleanArchMvc.Infra.Ioc", "src\CleanArchMvc.Infra.Ioc\CleanArchMvc.Infra.Ioc.csproj", "{F6892A39-D582-47D2-9D9C-1544F95F9002}"
EndProject
Project("{FAE04EC0-301F-11D3-BF4B-00C04F79EFBC}") = "CleanArchMvc.WebUI", "src\CleanArchMvc.WebUI\CleanArchMvc.WebUI.csproj", "{4DFA992D-5273-4A71-B064-245E2009BF2E}"
EndProject
Project("{FAE04EC0-301F-11D3-BF4B-00C04F79EFBC}") = "ClearArchMvc.Domain.Tests", "src\ClearArchMvc.Domain.Tests\ClearArchMvc.Domain.Tests.csproj", "{D9315ED4-F565-470B-B4FF-77DC1F35DA8D}"
EndProject
Global
	GlobalSection(SolutionConfigurationPlatforms) = preSolution
		Debug|Any CPU = Debug|Any CPU
		Release|Any CPU = Release|Any CPU
	EndGlobalSection
	GlobalSection(ProjectConfigurationPlatforms) = postSolution
		{DE98F5AE-EDCD-43F9-822F-A9BB9938624B}.Debug|Any CPU.ActiveCfg = Debug|Any CPU
		{DE98F5AE-EDCD-43F9-822F-A9BB9938624B}.Debug|Any CPU.Build.0 = Debug|Any CPU
		{DE98F5AE-EDCD-43F9-822F-A9BB9938624B}.Release|Any CPU.ActiveCfg = Release|Any CPU
		{DE98F5AE-EDCD-43F9-822F-A9BB9938624B}.Release|Any CPU.Build.0 = Release|Any CPU
		{009F3D86-5BD8-43DF-89E3-60B4B47B2EED}.Debug|Any CPU.ActiveCfg = Debug|Any CPU
		{009F3D86-5BD8-43DF-89E3-60B4B47B2EED}.Debug|Any CPU.Build.0 = Debug|Any CPU
		{009F3D86-5BD8-43DF-89E3-60B4B47B2EED}.Release|Any CPU.ActiveCfg = Release|Any CPU
		{009F3D86-5BD8-43DF-89E3-60B4B47B2EED}.Release|Any CPU.Build.0 = Release|Any CPU
		{B6518DBB-3B33-4E8E-BA8D-D6BA855F4F9C}.Debug|Any CPU.ActiveCfg = Debug|Any CPU
		{B6518DBB-3B33-4E8E-BA8D-D6BA855F4F9C}.Debug|Any CPU.Build.0 = Debug|Any CPU
		{B6518DBB-3B33-4E8E-BA8D-D6BA855F4F9C}.Release|Any CPU.ActiveCfg = Release|Any CPU
		{B6518DBB-3B33-4E8E-BA8D-D6BA855F4F9C}.Release|Any CPU.Build.0 = Release|Any CPU
		{F6892A39-D582-47D2-9D9C-1544F95F9002}.Debug|Any CPU.ActiveCfg = Debug|Any CPU
		{F6892A39-D582-47D2-9D9C-1544F95F9002}.Debug|Any CPU.Build.0 = Debug|Any CPU
		{F6892A39-D582-47D2-9D9C-1544F95F9002}.Release|Any CPU.ActiveCfg = Release|Any CPU
		{F6892A39-D582-47D2-9D9C-1544F95F9002}.Release|Any CPU.Build.0 = Release|Any CPU
		{4DFA992D-5273-4A71-B064-245E2009BF2E}.Debug|Any CPU.ActiveCfg = Debug|Any CPU
		{4DFA992D-5273-4A71-B064-245E2009BF2E}.Debug|Any CPU.Build.0 = Debug|Any CPU
		{4DFA992D-5273-4A71-B064-245E2009BF2E}.Release|Any CPU.ActiveCfg = Release|Any CPU
		{4DFA992D-5273-4A71-B064-245E2009BF2E}.Release|Any CPU.Build.0 = Release|Any CPU
		{D9315ED4-F565-470B-B4FF-77DC1F35DA8D}.Debug|Any CPU.ActiveCfg = Debug|Any CPU
		{D9315ED4-F565-470B-B4FF-77DC1F35DA8D}.Debug|Any CPU.Build.0 = Debug|Any CPU
		{D9315ED4-F565-470B-B4FF-77DC1F35DA8D}.Release|Any CPU.ActiveCfg = Release|Any CPU
		{D9315ED4-F565-470B-B4FF-77DC1F35DA8D}.Release|Any CPU.Build.0 = Release|Any CPU
	EndGlobalSection
	GlobalSection(SolutionProperties) = preSolution
		HideSolutionNode = FALSE
	EndGlobalSection
	GlobalSection(ExtensibilityGlobals) = postSolution
		SolutionGuid = {A6F44FF6-C7DC-421C-AE15-8BE1F627DC20}
	EndGlobalSection
EndGlobal
